
Microsoft Visual Studio Solution File, Format Version 12.00
# Visual Studio Version 17
VisualStudioVersion = 17.5.33502.453
MinimumVisualStudioVersion = 10.0.40219.1
Project("{FAE04EC0-301F-11D3-BF4B-00C04F79EFBC}") = "ConsoleApp2", "ConsoleApp2\ConsoleApp2.csproj", "{D69B9C97-D13F-4643-80E2-769167934287}"
EndProject
Global
	GlobalSection(SolutionConfigurationPlatforms) = preSolution
		Debug|Any CPU = Debug|Any CPU
		Release|Any CPU = Release|Any CPU
	EndGlobalSection
	GlobalSection(ProjectConfigurationPlatforms) = postSolution
		{D69B9C97-D13F-4643-80E2-769167934287}.Debug|Any CPU.ActiveCfg = Debug|Any CPU
		{D69B9C97-D13F-4643-80E2-769167934287}.Debug|Any CPU.Build.0 = Debug|Any CPU
		{D69B9C97-D13F-4643-80E2-769167934287}.Release|Any CPU.ActiveCfg = Release|Any CPU
		{D69B9C97-D13F-4643-80E2-769167934287}.Release|Any CPU.Build.0 = Release|Any CPU
	EndGlobalSection
	GlobalSection(SolutionProperties) = preSolution
		HideSolutionNode = FALSE
	EndGlobalSection
	GlobalSection(ExtensibilityGlobals) = postSolution
		SolutionGuid = {FF4947F4-9F26-4A5F-9508-26D163951426}
	EndGlobalSection
EndGlobal
